// !$*UTF8*$!
{
	archiveVersion = 1;
	classes = {
	};
	objectVersion = 56;
	objects = {

/* Begin PBXBuildFile section */
		5E487F1A2BE3CE6C00073C2C /* stepsAppApp.swift in Sources */ = {isa = PBXBuildFile; fileRef = 5E487F192BE3CE6C00073C2C /* stepsAppApp.swift */; };
		5E487F1C2BE3CE6C00073C2C /* ContentView.swift in Sources */ = {isa = PBXBuildFile; fileRef = 5E487F1B2BE3CE6C00073C2C /* ContentView.swift */; };
		5E487F1E2BE3CE6D00073C2C /* Assets.xcassets in Resources */ = {isa = PBXBuildFile; fileRef = 5E487F1D2BE3CE6D00073C2C /* Assets.xcassets */; };
		5E487F222BE3CE6D00073C2C /* Preview Assets.xcassets in Resources */ = {isa = PBXBuildFile; fileRef = 5E487F212BE3CE6D00073C2C /* Preview Assets.xcassets */; };
		5E487F2C2BE3CE6D00073C2C /* stepsAppTests.swift in Sources */ = {isa = PBXBuildFile; fileRef = 5E487F2B2BE3CE6D00073C2C /* stepsAppTests.swift */; };
		5E487F362BE3CE6D00073C2C /* stepsAppUITests.swift in Sources */ = {isa = PBXBuildFile; fileRef = 5E487F352BE3CE6D00073C2C /* stepsAppUITests.swift */; };
		5E487F382BE3CE6D00073C2C /* stepsAppUITestsLaunchTests.swift in Sources */ = {isa = PBXBuildFile; fileRef = 5E487F372BE3CE6D00073C2C /* stepsAppUITestsLaunchTests.swift */; };
/* End PBXBuildFile section */

/* Begin PBXContainerItemProxy section */
		5E487F282BE3CE6D00073C2C /* PBXContainerItemProxy */ = {
			isa = PBXContainerItemProxy;
			containerPortal = 5E487F0E2BE3CE6C00073C2C /* Project object */;
			proxyType = 1;
			remoteGlobalIDString = 5E487F152BE3CE6C00073C2C;
			remoteInfo = stepsApp;
		};
		5E487F322BE3CE6D00073C2C /* PBXContainerItemProxy */ = {
			isa = PBXContainerItemProxy;
			containerPortal = 5E487F0E2BE3CE6C00073C2C /* Project object */;
			proxyType = 1;
			remoteGlobalIDString = 5E487F152BE3CE6C00073C2C;
			remoteInfo = stepsApp;
		};
/* End PBXContainerItemProxy section */

/* Begin PBXFileReference section */
		5E487F162BE3CE6C00073C2C /* stepsApp.app */ = {isa = PBXFileReference; explicitFileType = wrapper.application; includeInIndex = 0; path = stepsApp.app; sourceTree = BUILT_PRODUCTS_DIR; };
		5E487F192BE3CE6C00073C2C /* stepsAppApp.swift */ = {isa = PBXFileReference; lastKnownFileType = sourcecode.swift; path = stepsAppApp.swift; sourceTree = "<group>"; };
		5E487F1B2BE3CE6C00073C2C /* ContentView.swift */ = {isa = PBXFileReference; lastKnownFileType = sourcecode.swift; path = ContentView.swift; sourceTree = "<group>"; };
		5E487F1D2BE3CE6D00073C2C /* Assets.xcassets */ = {isa = PBXFileReference; lastKnownFileType = folder.assetcatalog; path = Assets.xcassets; sourceTree = "<group>"; };
		5E487F1F2BE3CE6D00073C2C /* stepsApp.entitlements */ = {isa = PBXFileReference; lastKnownFileType = text.plist.entitlements; path = stepsApp.entitlements; sourceTree = "<group>"; };
		5E487F212BE3CE6D00073C2C /* Preview Assets.xcassets */ = {isa = PBXFileReference; lastKnownFileType = folder.assetcatalog; path = "Preview Assets.xcassets"; sourceTree = "<group>"; };
		5E487F272BE3CE6D00073C2C /* stepsAppTests.xctest */ = {isa = PBXFileReference; explicitFileType = wrapper.cfbundle; includeInIndex = 0; path = stepsAppTests.xctest; sourceTree = BUILT_PRODUCTS_DIR; };
		5E487F2B2BE3CE6D00073C2C /* stepsAppTests.swift */ = {isa = PBXFileReference; lastKnownFileType = sourcecode.swift; path = stepsAppTests.swift; sourceTree = "<group>"; };
		5E487F312BE3CE6D00073C2C /* stepsAppUITests.xctest */ = {isa = PBXFileReference; explicitFileType = wrapper.cfbundle; includeInIndex = 0; path = stepsAppUITests.xctest; sourceTree = BUILT_PRODUCTS_DIR; };
		5E487F352BE3CE6D00073C2C /* stepsAppUITests.swift */ = {isa = PBXFileReference; lastKnownFileType = sourcecode.swift; path = stepsAppUITests.swift; sourceTree = "<group>"; };
		5E487F372BE3CE6D00073C2C /* stepsAppUITestsLaunchTests.swift */ = {isa = PBXFileReference; lastKnownFileType = sourcecode.swift; path = stepsAppUITestsLaunchTests.swift; sourceTree = "<group>"; };
/* End PBXFileReference section */

/* Begin PBXFrameworksBuildPhase section */
		5E487F132BE3CE6C00073C2C /* Frameworks */ = {
			isa = PBXFrameworksBuildPhase;
			buildActionMask = 2147483647;
			files = (
			);
			runOnlyForDeploymentPostprocessing = 0;
		};
		5E487F242BE3CE6D00073C2C /* Frameworks */ = {
			isa = PBXFrameworksBuildPhase;
			buildActionMask = 2147483647;
			files = (
			);
			runOnlyForDeploymentPostprocessing = 0;
		};
		5E487F2E2BE3CE6D00073C2C /* Frameworks */ = {
			isa = PBXFrameworksBuildPhase;
			buildActionMask = 2147483647;
			files = (
			);
			runOnlyForDeploymentPostprocessing = 0;
		};
/* End PBXFrameworksBuildPhase section */

/* Begin PBXGroup section */
		5E487F0D2BE3CE6C00073C2C = {
			isa = PBXGroup;
			children = (
				5E487F182BE3CE6C00073C2C /* stepsApp */,
				5E487F2A2BE3CE6D00073C2C /* stepsAppTests */,
				5E487F342BE3CE6D00073C2C /* stepsAppUITests */,
				5E487F172BE3CE6C00073C2C /* Products */,
			);
			sourceTree = "<group>";
		};
		5E487F172BE3CE6C00073C2C /* Products */ = {
			isa = PBXGroup;
			children = (
				5E487F162BE3CE6C00073C2C /* stepsApp.app */,
				5E487F272BE3CE6D00073C2C /* stepsAppTests.xctest */,
				5E487F312BE3CE6D00073C2C /* stepsAppUITests.xctest */,
			);
			name = Products;
			sourceTree = "<group>";
		};
		5E487F182BE3CE6C00073C2C /* stepsApp */ = {
			isa = PBXGroup;
			children = (
				5E487F192BE3CE6C00073C2C /* stepsAppApp.swift */,
				5E487F1B2BE3CE6C00073C2C /* ContentView.swift */,
				5E487F1D2BE3CE6D00073C2C /* Assets.xcassets */,
				5E487F1F2BE3CE6D00073C2C /* stepsApp.entitlements */,
				5E487F202BE3CE6D00073C2C /* Preview Content */,
			);
			path = stepsApp;
			sourceTree = "<group>";
		};
		5E487F202BE3CE6D00073C2C /* Preview Content */ = {
			isa = PBXGroup;
			children = (
				5E487F212BE3CE6D00073C2C /* Preview Assets.xcassets */,
			);
			path = "Preview Content";
			sourceTree = "<group>";
		};
		5E487F2A2BE3CE6D00073C2C /* stepsAppTests */ = {
			isa = PBXGroup;
			children = (
				5E487F2B2BE3CE6D00073C2C /* stepsAppTests.swift */,
			);
			path = stepsAppTests;
			sourceTree = "<group>";
		};
		5E487F342BE3CE6D00073C2C /* stepsAppUITests */ = {
			isa = PBXGroup;
			children = (
				5E487F352BE3CE6D00073C2C /* stepsAppUITests.swift */,
				5E487F372BE3CE6D00073C2C /* stepsAppUITestsLaunchTests.swift */,
			);
			path = stepsAppUITests;
			sourceTree = "<group>";
		};
/* End PBXGroup section */

/* Begin PBXNativeTarget section */
		5E487F152BE3CE6C00073C2C /* stepsApp */ = {
			isa = PBXNativeTarget;
			buildConfigurationList = 5E487F3B2BE3CE6D00073C2C /* Build configuration list for PBXNativeTarget "stepsApp" */;
			buildPhases = (
				5E487F122BE3CE6C00073C2C /* Sources */,
				5E487F132BE3CE6C00073C2C /* Frameworks */,
				5E487F142BE3CE6C00073C2C /* Resources */,
			);
			buildRules = (
			);
			dependencies = (
			);
			name = stepsApp;
			productName = stepsApp;
			productReference = 5E487F162BE3CE6C00073C2C /* stepsApp.app */;
			productType = "com.apple.product-type.application";
		};
		5E487F262BE3CE6D00073C2C /* stepsAppTests */ = {
			isa = PBXNativeTarget;
			buildConfigurationList = 5E487F3E2BE3CE6D00073C2C /* Build configuration list for PBXNativeTarget "stepsAppTests" */;
			buildPhases = (
				5E487F232BE3CE6D00073C2C /* Sources */,
				5E487F242BE3CE6D00073C2C /* Frameworks */,
				5E487F252BE3CE6D00073C2C /* Resources */,
			);
			buildRules = (
			);
			dependencies = (
				5E487F292BE3CE6D00073C2C /* PBXTargetDependency */,
			);
			name = stepsAppTests;
			productName = stepsAppTests;
			productReference = 5E487F272BE3CE6D00073C2C /* stepsAppTests.xctest */;
			productType = "com.apple.product-type.bundle.unit-test";
		};
		5E487F302BE3CE6D00073C2C /* stepsAppUITests */ = {
			isa = PBXNativeTarget;
			buildConfigurationList = 5E487F412BE3CE6D00073C2C /* Build configuration list for PBXNativeTarget "stepsAppUITests" */;
			buildPhases = (
				5E487F2D2BE3CE6D00073C2C /* Sources */,
				5E487F2E2BE3CE6D00073C2C /* Frameworks */,
				5E487F2F2BE3CE6D00073C2C /* Resources */,
			);
			buildRules = (
			);
			dependencies = (
				5E487F332BE3CE6D00073C2C /* PBXTargetDependency */,
			);
			name = stepsAppUITests;
			productName = stepsAppUITests;
			productReference = 5E487F312BE3CE6D00073C2C /* stepsAppUITests.xctest */;
			productType = "com.apple.product-type.bundle.ui-testing";
		};
/* End PBXNativeTarget section */

/* Begin PBXProject section */
		5E487F0E2BE3CE6C00073C2C /* Project object */ = {
			isa = PBXProject;
			attributes = {
				BuildIndependentTargetsInParallel = 1;
				LastSwiftUpdateCheck = 1530;
				LastUpgradeCheck = 1530;
				TargetAttributes = {
					5E487F152BE3CE6C00073C2C = {
						CreatedOnToolsVersion = 15.3;
					};
					5E487F262BE3CE6D00073C2C = {
						CreatedOnToolsVersion = 15.3;
						TestTargetID = 5E487F152BE3CE6C00073C2C;
					};
					5E487F302BE3CE6D00073C2C = {
						CreatedOnToolsVersion = 15.3;
						TestTargetID = 5E487F152BE3CE6C00073C2C;
					};
				};
			};
			buildConfigurationList = 5E487F112BE3CE6C00073C2C /* Build configuration list for PBXProject "stepsApp" */;
			compatibilityVersion = "Xcode 14.0";
			developmentRegion = en;
			hasScannedForEncodings = 0;
			knownRegions = (
				en,
				Base,
			);
			mainGroup = 5E487F0D2BE3CE6C00073C2C;
			productRefGroup = 5E487F172BE3CE6C00073C2C /* Products */;
			projectDirPath = "";
			projectRoot = "";
			targets = (
				5E487F152BE3CE6C00073C2C /* stepsApp */,
				5E487F262BE3CE6D00073C2C /* stepsAppTests */,
				5E487F302BE3CE6D00073C2C /* stepsAppUITests */,
			);
		};
/* End PBXProject section */

/* Begin PBXResourcesBuildPhase section */
		5E487F142BE3CE6C00073C2C /* Resources */ = {
			isa = PBXResourcesBuildPhase;
			buildActionMask = 2147483647;
			files = (
				5E487F222BE3CE6D00073C2C /* Preview Assets.xcassets in Resources */,
				5E487F1E2BE3CE6D00073C2C /* Assets.xcassets in Resources */,
			);
			runOnlyForDeploymentPostprocessing = 0;
		};
		5E487F252BE3CE6D00073C2C /* Resources */ = {
			isa = PBXResourcesBuildPhase;
			buildActionMask = 2147483647;
			files = (
			);
			runOnlyForDeploymentPostprocessing = 0;
		};
		5E487F2F2BE3CE6D00073C2C /* Resources */ = {
			isa = PBXResourcesBuildPhase;
			buildActionMask = 2147483647;
			files = (
			);
			runOnlyForDeploymentPostprocessing = 0;
		};
/* End PBXResourcesBuildPhase section */

/* Begin PBXSourcesBuildPhase section */
		5E487F122BE3CE6C00073C2C /* Sources */ = {
			isa = PBXSourcesBuildPhase;
			buildActionMask = 2147483647;
			files = (
				5E487F1C2BE3CE6C00073C2C /* ContentView.swift in Sources */,
				5E487F1A2BE3CE6C00073C2C /* stepsAppApp.swift in Sources */,
			);
			runOnlyForDeploymentPostprocessing = 0;
		};
		5E487F232BE3CE6D00073C2C /* Sources */ = {
			isa = PBXSourcesBuildPhase;
			buildActionMask = 2147483647;
			files = (
				5E487F2C2BE3CE6D00073C2C /* stepsAppTests.swift in Sources */,
			);
			runOnlyForDeploymentPostprocessing = 0;
		};
		5E487F2D2BE3CE6D00073C2C /* Sources */ = {
			isa = PBXSourcesBuildPhase;
			buildActionMask = 2147483647;
			files = (
				5E487F382BE3CE6D00073C2C /* stepsAppUITestsLaunchTests.swift in Sources */,
				5E487F362BE3CE6D00073C2C /* stepsAppUITests.swift in Sources */,
			);
			runOnlyForDeploymentPostprocessing = 0;
		};
/* End PBXSourcesBuildPhase section */

/* Begin PBXTargetDependency section */
		5E487F292BE3CE6D00073C2C /* PBXTargetDependency */ = {
			isa = PBXTargetDependency;
			target = 5E487F152BE3CE6C00073C2C /* stepsApp */;
			targetProxy = 5E487F282BE3CE6D00073C2C /* PBXContainerItemProxy */;
		};
		5E487F332BE3CE6D00073C2C /* PBXTargetDependency */ = {
			isa = PBXTargetDependency;
			target = 5E487F152BE3CE6C00073C2C /* stepsApp */;
			targetProxy = 5E487F322BE3CE6D00073C2C /* PBXContainerItemProxy */;
		};
/* End PBXTargetDependency section */

/* Begin XCBuildConfiguration section */
		5E487F392BE3CE6D00073C2C /* Debug */ = {
			isa = XCBuildConfiguration;
			buildSettings = {
				ALWAYS_SEARCH_USER_PATHS = NO;
				ASSETCATALOG_COMPILER_GENERATE_SWIFT_ASSET_SYMBOL_EXTENSIONS = YES;
				CLANG_ANALYZER_NONNULL = YES;
				CLANG_ANALYZER_NUMBER_OBJECT_CONVERSION = YES_AGGRESSIVE;
				CLANG_CXX_LANGUAGE_STANDARD = "gnu++20";
				CLANG_ENABLE_MODULES = YES;
				CLANG_ENABLE_OBJC_ARC = YES;
				CLANG_ENABLE_OBJC_WEAK = YES;
				CLANG_WARN_BLOCK_CAPTURE_AUTORELEASING = YES;
				CLANG_WARN_BOOL_CONVERSION = YES;
				CLANG_WARN_COMMA = YES;
				CLANG_WARN_CONSTANT_CONVERSION = YES;
				CLANG_WARN_DEPRECATED_OBJC_IMPLEMENTATIONS = YES;
				CLANG_WARN_DIRECT_OBJC_ISA_USAGE = YES_ERROR;
				CLANG_WARN_DOCUMENTATION_COMMENTS = YES;
				CLANG_WARN_EMPTY_BODY = YES;
				CLANG_WARN_ENUM_CONVERSION = YES;
				CLANG_WARN_INFINITE_RECURSION = YES;
				CLANG_WARN_INT_CONVERSION = YES;
				CLANG_WARN_NON_LITERAL_NULL_CONVERSION = YES;
				CLANG_WARN_OBJC_IMPLICIT_RETAIN_SELF = YES;
				CLANG_WARN_OBJC_LITERAL_CONVERSION = YES;
				CLANG_WARN_OBJC_ROOT_CLASS = YES_ERROR;
				CLANG_WARN_QUOTED_INCLUDE_IN_FRAMEWORK_HEADER = YES;
				CLANG_WARN_RANGE_LOOP_ANALYSIS = YES;
				CLANG_WARN_STRICT_PROTOTYPES = YES;
				CLANG_WARN_SUSPICIOUS_MOVE = YES;
				CLANG_WARN_UNGUARDED_AVAILABILITY = YES_AGGRESSIVE;
				CLANG_WARN_UNREACHABLE_CODE = YES;
				CLANG_WARN__DUPLICATE_METHOD_MATCH = YES;
				COPY_PHASE_STRIP = NO;
				DEBUG_INFORMATION_FORMAT = dwarf;
				ENABLE_STRICT_OBJC_MSGSEND = YES;
				ENABLE_TESTABILITY = YES;
				ENABLE_USER_SCRIPT_SANDBOXING = YES;
				GCC_C_LANGUAGE_STANDARD = gnu17;
				GCC_DYNAMIC_NO_PIC = NO;
				GCC_NO_COMMON_BLOCKS = YES;
				GCC_OPTIMIZATION_LEVEL = 0;
				GCC_PREPROCESSOR_DEFINITIONS = (
					"DEBUG=1",
					"$(inherited)",
				);
				GCC_WARN_64_TO_32_BIT_CONVERSION = YES;
				GCC_WARN_ABOUT_RETURN_TYPE = YES_ERROR;
				GCC_WARN_UNDECLARED_SELECTOR = YES;
				GCC_WARN_UNINITIALIZED_AUTOS = YES_AGGRESSIVE;
				GCC_WARN_UNUSED_FUNCTION = YES;
				GCC_WARN_UNUSED_VARIABLE = YES;
				LOCALIZATION_PREFERS_STRING_CATALOGS = YES;
				MTL_ENABLE_DEBUG_INFO = INCLUDE_SOURCE;
				MTL_FAST_MATH = YES;
				ONLY_ACTIVE_ARCH = YES;
				SWIFT_ACTIVE_COMPILATION_CONDITIONS = "DEBUG $(inherited)";
				SWIFT_OPTIMIZATION_LEVEL = "-Onone";
			};
			name = Debug;
		};
		5E487F3A2BE3CE6D00073C2C /* Release */ = {
			isa = XCBuildConfiguration;
			buildSettings = {
				ALWAYS_SEARCH_USER_PATHS = NO;
				ASSETCATALOG_COMPILER_GENERATE_SWIFT_ASSET_SYMBOL_EXTENSIONS = YES;
				CLANG_ANALYZER_NONNULL = YES;
				CLANG_ANALYZER_NUMBER_OBJECT_CONVERSION = YES_AGGRESSIVE;
				CLANG_CXX_LANGUAGE_STANDARD = "gnu++20";
				CLANG_ENABLE_MODULES = YES;
				CLANG_ENABLE_OBJC_ARC = YES;
				CLANG_ENABLE_OBJC_WEAK = YES;
				CLANG_WARN_BLOCK_CAPTURE_AUTORELEASING = YES;
				CLANG_WARN_BOOL_CONVERSION = YES;
				CLANG_WARN_COMMA = YES;
				CLANG_WARN_CONSTANT_CONVERSION = YES;
				CLANG_WARN_DEPRECATED_OBJC_IMPLEMENTATIONS = YES;
				CLANG_WARN_DIRECT_OBJC_ISA_USAGE = YES_ERROR;
				CLANG_WARN_DOCUMENTATION_COMMENTS = YES;
				CLANG_WARN_EMPTY_BODY = YES;
				CLANG_WARN_ENUM_CONVERSION = YES;
				CLANG_WARN_INFINITE_RECURSION = YES;
				CLANG_WARN_INT_CONVERSION = YES;
				CLANG_WARN_NON_LITERAL_NULL_CONVERSION = YES;
				CLANG_WARN_OBJC_IMPLICIT_RETAIN_SELF = YES;
				CLANG_WARN_OBJC_LITERAL_CONVERSION = YES;
				CLANG_WARN_OBJC_ROOT_CLASS = YES_ERROR;
				CLANG_WARN_QUOTED_INCLUDE_IN_FRAMEWORK_HEADER = YES;
				CLANG_WARN_RANGE_LOOP_ANALYSIS = YES;
				CLANG_WARN_STRICT_PROTOTYPES = YES;
				CLANG_WARN_SUSPICIOUS_MOVE = YES;
				CLANG_WARN_UNGUARDED_AVAILABILITY = YES_AGGRESSIVE;
				CLANG_WARN_UNREACHABLE_CODE = YES;
				CLANG_WARN__DUPLICATE_METHOD_MATCH = YES;
				COPY_PHASE_STRIP = NO;
				DEBUG_INFORMATION_FORMAT = "dwarf-with-dsym";
				ENABLE_NS_ASSERTIONS = NO;
				ENABLE_STRICT_OBJC_MSGSEND = YES;
				ENABLE_USER_SCRIPT_SANDBOXING = YES;
				GCC_C_LANGUAGE_STANDARD = gnu17;
				GCC_NO_COMMON_BLOCKS = YES;
				GCC_WARN_64_TO_32_BIT_CONVERSION = YES;
				GCC_WARN_ABOUT_RETURN_TYPE = YES_ERROR;
				GCC_WARN_UNDECLARED_SELECTOR = YES;
				GCC_WARN_UNINITIALIZED_AUTOS = YES_AGGRESSIVE;
				GCC_WARN_UNUSED_FUNCTION = YES;
				GCC_WARN_UNUSED_VARIABLE = YES;
				LOCALIZATION_PREFERS_STRING_CATALOGS = YES;
				MTL_ENABLE_DEBUG_INFO = NO;
				MTL_FAST_MATH = YES;
				SWIFT_COMPILATION_MODE = wholemodule;
			};
			name = Release;
		};
		5E487F3C2BE3CE6D00073C2C /* Debug */ = {
			isa = XCBuildConfiguration;
			buildSettings = {
				ASSETCATALOG_COMPILER_APPICON_NAME = AppIcon;
				ASSETCATALOG_COMPILER_GLOBAL_ACCENT_COLOR_NAME = AccentColor;
				CODE_SIGN_ENTITLEMENTS = stepsApp/stepsApp.entitlements;
				CODE_SIGN_STYLE = Automatic;
				CURRENT_PROJECT_VERSION = 1;
				DEVELOPMENT_ASSET_PATHS = "\"stepsApp/Preview Content\"";
				DEVELOPMENT_TEAM = 647P9UY79L;
				ENABLE_HARDENED_RUNTIME = YES;
				ENABLE_PREVIEWS = YES;
				GENERATE_INFOPLIST_FILE = YES;
				"INFOPLIST_KEY_UIApplicationSceneManifest_Generation[sdk=iphoneos*]" = YES;
				"INFOPLIST_KEY_UIApplicationSceneManifest_Generation[sdk=iphonesimulator*]" = YES;
				"INFOPLIST_KEY_UIApplicationSupportsIndirectInputEvents[sdk=iphoneos*]" = YES;
				"INFOPLIST_KEY_UIApplicationSupportsIndirectInputEvents[sdk=iphonesimulator*]" = YES;
				"INFOPLIST_KEY_UILaunchScreen_Generation[sdk=iphoneos*]" = YES;
				"INFOPLIST_KEY_UILaunchScreen_Generation[sdk=iphonesimulator*]" = YES;
				"INFOPLIST_KEY_UIStatusBarStyle[sdk=iphoneos*]" = UIStatusBarStyleDefault;
				"INFOPLIST_KEY_UIStatusBarStyle[sdk=iphonesimulator*]" = UIStatusBarStyleDefault;
				INFOPLIST_KEY_UISupportedInterfaceOrientations_iPad = "UIInterfaceOrientationPortrait UIInterfaceOrientationPortraitUpsideDown UIInterfaceOrientationLandscapeLeft UIInterfaceOrientationLandscapeRight";
				INFOPLIST_KEY_UISupportedInterfaceOrientations_iPhone = "UIInterfaceOrientationPortrait UIInterfaceOrientationLandscapeLeft UIInterfaceOrientationLandscapeRight";
				IPHONEOS_DEPLOYMENT_TARGET = 17.4;
				LD_RUNPATH_SEARCH_PATHS = "@executable_path/Frameworks";
				"LD_RUNPATH_SEARCH_PATHS[sdk=macosx*]" = "@executable_path/../Frameworks";
				MACOSX_DEPLOYMENT_TARGET = 14.4;
				MARKETING_VERSION = 1.0;
				PRODUCT_BUNDLE_IDENTIFIER = com.jesus.stepsApp;
				PRODUCT_NAME = "$(TARGET_NAME)";
				SDKROOT = auto;
				SUPPORTED_PLATFORMS = "iphoneos iphonesimulator macosx";
				SWIFT_EMIT_LOC_STRINGS = YES;
				SWIFT_VERSION = 5.0;
				TARGETED_DEVICE_FAMILY = "1,2";
			};
			name = Debug;
		};
		5E487F3D2BE3CE6D00073C2C /* Release */ = {
			isa = XCBuildConfiguration;
			buildSettings = {
				ASSETCATALOG_COMPILER_APPICON_NAME = AppIcon;
				ASSETCATALOG_COMPILER_GLOBAL_ACCENT_COLOR_NAME = AccentColor;
				CODE_SIGN_ENTITLEMENTS = stepsApp/stepsApp.entitlements;
				CODE_SIGN_STYLE = Automatic;
				CURRENT_PROJECT_VERSION = 1;
				DEVELOPMENT_ASSET_PATHS = "\"stepsApp/Preview Content\"";
				DEVELOPMENT_TEAM = 647P9UY79L;
				ENABLE_HARDENED_RUNTIME = YES;
				ENABLE_PREVIEWS = YES;
				GENERATE_INFOPLIST_FILE = YES;
				"INFOPLIST_KEY_UIApplicationSceneManifest_Generation[sdk=iphoneos*]" = YES;
				"INFOPLIST_KEY_UIApplicationSceneManifest_Generation[sdk=iphonesimulator*]" = YES;
				"INFOPLIST_KEY_UIApplicationSupportsIndirectInputEvents[sdk=iphoneos*]" = YES;
				"INFOPLIST_KEY_UIApplicationSupportsIndirectInputEvents[sdk=iphonesimulator*]" = YES;
				"INFOPLIST_KEY_UILaunchScreen_Generation[sdk=iphoneos*]" = YES;
				"INFOPLIST_KEY_UILaunchScreen_Generation[sdk=iphonesimulator*]" = YES;
				"INFOPLIST_KEY_UIStatusBarStyle[sdk=iphoneos*]" = UIStatusBarStyleDefault;
				"INFOPLIST_KEY_UIStatusBarStyle[sdk=iphonesimulator*]" = UIStatusBarStyleDefault;
				INFOPLIST_KEY_UISupportedInterfaceOrientations_iPad = "UIInterfaceOrientationPortrait UIInterfaceOrientationPortraitUpsideDown UIInterfaceOrientationLandscapeLeft UIInterfaceOrientationLandscapeRight";
				INFOPLIST_KEY_UISupportedInterfaceOrientations_iPhone = "UIInterfaceOrientationPortrait UIInterfaceOrientationLandscapeLeft UIInterfaceOrientationLandscapeRight";
				IPHONEOS_DEPLOYMENT_TARGET = 17.4;
				LD_RUNPATH_SEARCH_PATHS = "@executable_path/Frameworks";
				"LD_RUNPATH_SEARCH_PATHS[sdk=macosx*]" = "@executable_path/../Frameworks";
				MACOSX_DEPLOYMENT_TARGET = 14.4;
				MARKETING_VERSION = 1.0;
				PRODUCT_BUNDLE_IDENTIFIER = com.jesus.stepsApp;
				PRODUCT_NAME = "$(TARGET_NAME)";
				SDKROOT = auto;
				SUPPORTED_PLATFORMS = "iphoneos iphonesimulator macosx";
				SWIFT_EMIT_LOC_STRINGS = YES;
				SWIFT_VERSION = 5.0;
				TARGETED_DEVICE_FAMILY = "1,2";
			};
			name = Release;
		};
		5E487F3F2BE3CE6D00073C2C /* Debug */ = {
			isa = XCBuildConfiguration;
			buildSettings = {
				ALWAYS_EMBED_SWIFT_STANDARD_LIBRARIES = YES;
				BUNDLE_LOADER = "$(TEST_HOST)";
				CODE_SIGN_STYLE = Automatic;
				CURRENT_PROJECT_VERSION = 1;
				DEVELOPMENT_TEAM = 647P9UY79L;
				GENERATE_INFOPLIST_FILE = YES;
				IPHONEOS_DEPLOYMENT_TARGET = 17.4;
				MACOSX_DEPLOYMENT_TARGET = 14.4;
				MARKETING_VERSION = 1.0;
				PRODUCT_BUNDLE_IDENTIFIER = com.jesus.stepsAppTests;
				PRODUCT_NAME = "$(TARGET_NAME)";
				SDKROOT = auto;
				SUPPORTED_PLATFORMS = "iphoneos iphonesimulator macosx";
				SWIFT_EMIT_LOC_STRINGS = NO;
				SWIFT_VERSION = 5.0;
				TARGETED_DEVICE_FAMILY = "1,2";
				TEST_HOST = "$(BUILT_PRODUCTS_DIR)/stepsApp.app/$(BUNDLE_EXECUTABLE_FOLDER_PATH)/stepsApp";
			};
			name = Debug;
		};
		5E487F402BE3CE6D00073C2C /* Release */ = {
			isa = XCBuildConfiguration;
			buildSettings = {
				ALWAYS_EMBED_SWIFT_STANDARD_LIBRARIES = YES;
				BUNDLE_LOADER = "$(TEST_HOST)";
				CODE_SIGN_STYLE = Automatic;
				CURRENT_PROJECT_VERSION = 1;
				DEVELOPMENT_TEAM = 647P9UY79L;
				GENERATE_INFOPLIST_FILE = YES;
				IPHONEOS_DEPLOYMENT_TARGET = 17.4;
				MACOSX_DEPLOYMENT_TARGET = 14.4;
				MARKETING_VERSION = 1.0;
				PRODUCT_BUNDLE_IDENTIFIER = com.jesus.stepsAppTests;
				PRODUCT_NAME = "$(TARGET_NAME)";
				SDKROOT = auto;
				SUPPORTED_PLATFORMS = "iphoneos iphonesimulator macosx";
				SWIFT_EMIT_LOC_STRINGS = NO;
				SWIFT_VERSION = 5.0;
				TARGETED_DEVICE_FAMILY = "1,2";
				TEST_HOST = "$(BUILT_PRODUCTS_DIR)/stepsApp.app/$(BUNDLE_EXECUTABLE_FOLDER_PATH)/stepsApp";
			};
			name = Release;
		};
		5E487F422BE3CE6D00073C2C /* Debug */ = {
			isa = XCBuildConfiguration;
			buildSettings = {
				ALWAYS_EMBED_SWIFT_STANDARD_LIBRARIES = YES;
				CODE_SIGN_STYLE = Automatic;
				CURRENT_PROJECT_VERSION = 1;
				DEVELOPMENT_TEAM = 647P9UY79L;
				GENERATE_INFOPLIST_FILE = YES;
				IPHONEOS_DEPLOYMENT_TARGET = 17.4;
				MACOSX_DEPLOYMENT_TARGET = 14.4;
				MARKETING_VERSION = 1.0;
				PRODUCT_BUNDLE_IDENTIFIER = com.jesus.stepsAppUITests;
				PRODUCT_NAME = "$(TARGET_NAME)";
				SDKROOT = auto;
				SUPPORTED_PLATFORMS = "iphoneos iphonesimulator macosx";
				SWIFT_EMIT_LOC_STRINGS = NO;
				SWIFT_VERSION = 5.0;
				TARGETED_DEVICE_FAMILY = "1,2";
				TEST_TARGET_NAME = stepsApp;
			};
			name = Debug;
		};
		5E487F432BE3CE6D00073C2C /* Release */ = {
			isa = XCBuildConfiguration;
			buildSettings = {
				ALWAYS_EMBED_SWIFT_STANDARD_LIBRARIES = YES;
				CODE_SIGN_STYLE = Automatic;
				CURRENT_PROJECT_VERSION = 1;
				DEVELOPMENT_TEAM = 647P9UY79L;
				GENERATE_INFOPLIST_FILE = YES;
				IPHONEOS_DEPLOYMENT_TARGET = 17.4;
				MACOSX_DEPLOYMENT_TARGET = 14.4;
				MARKETING_VERSION = 1.0;
				PRODUCT_BUNDLE_IDENTIFIER = com.jesus.stepsAppUITests;
				PRODUCT_NAME = "$(TARGET_NAME)";
				SDKROOT = auto;
				SUPPORTED_PLATFORMS = "iphoneos iphonesimulator macosx";
				SWIFT_EMIT_LOC_STRINGS = NO;
				SWIFT_VERSION = 5.0;
				TARGETED_DEVICE_FAMILY = "1,2";
				TEST_TARGET_NAME = stepsApp;
			};
			name = Release;
		};
/* End XCBuildConfiguration section */

/* Begin XCConfigurationList section */
		5E487F112BE3CE6C00073C2C /* Build configuration list for PBXProject "stepsApp" */ = {
			isa = XCConfigurationList;
			buildConfigurations = (
				5E487F392BE3CE6D00073C2C /* Debug */,
				5E487F3A2BE3CE6D00073C2C /* Release */,
			);
			defaultConfigurationIsVisible = 0;
			defaultConfigurationName = Release;
		};
		5E487F3B2BE3CE6D00073C2C /* Build configuration list for PBXNativeTarget "stepsApp" */ = {
			isa = XCConfigurationList;
			buildConfigurations = (
				5E487F3C2BE3CE6D00073C2C /* Debug */,
				5E487F3D2BE3CE6D00073C2C /* Release */,
			);
			defaultConfigurationIsVisible = 0;
			defaultConfigurationName = Release;
		};
		5E487F3E2BE3CE6D00073C2C /* Build configuration list for PBXNativeTarget "stepsAppTests" */ = {
			isa = XCConfigurationList;
			buildConfigurations = (
				5E487F3F2BE3CE6D00073C2C /* Debug */,
				5E487F402BE3CE6D00073C2C /* Release */,
			);
			defaultConfigurationIsVisible = 0;
			defaultConfigurationName = Release;
		};
		5E487F412BE3CE6D00073C2C /* Build configuration list for PBXNativeTarget "stepsAppUITests" */ = {
			isa = XCConfigurationList;
			buildConfigurations = (
				5E487F422BE3CE6D00073C2C /* Debug */,
				5E487F432BE3CE6D00073C2C /* Release */,
			);
			defaultConfigurationIsVisible = 0;
			defaultConfigurationName = Release;
		};
/* End XCConfigurationList section */
	};
	rootObject = 5E487F0E2BE3CE6C00073C2C /* Project object */;
}
